Microsoft Visual Studio Solution File, Format Version 12.00
# Visual Studio Version 17
VisualStudioVersion = 17.5.2.0
MinimumVisualStudioVersion = 10.0.40219.1
Project("{FAE04EC0-301F-11D3-BF4B-00C04F79EFBC}") = "ClubDeportivoApp", "ClubDeportivoApp.csproj", "{E447A46F-31E2-5305-3D1A-2D30D84EC236}"
EndProject
Global
	GlobalSection(SolutionConfigurationPlatforms) = preSolution
		Debug|Any CPU = Debug|Any CPU
		Release|Any CPU = Release|Any CPU
	EndGlobalSection
	GlobalSection(ProjectConfigurationPlatforms) = postSolution
		{E447A46F-31E2-5305-3D1A-2D30D84EC236}.Debug|Any CPU.ActiveCfg = Debug|Any CPU
		{E447A46F-31E2-5305-3D1A-2D30D84EC236}.Debug|Any CPU.Build.0 = Debug|Any CPU
		{E447A46F-31E2-5305-3D1A-2D30D84EC236}.Release|Any CPU.ActiveCfg = Release|Any CPU
		{E447A46F-31E2-5305-3D1A-2D30D84EC236}.Release|Any CPU.Build.0 = Release|Any CPU
	EndGlobalSection
	GlobalSection(SolutionProperties) = preSolution
		HideSolutionNode = FALSE
	EndGlobalSection
	GlobalSection(ExtensibilityGlobals) = postSolution
		SolutionGuid = {0320AE83-7BF3-4D67-8DCF-FCF55E1BD55D}
	EndGlobalSection
EndGlobal
